
Microsoft Visual Studio Solution File, Format Version 12.00
# Visual Studio Version 17
VisualStudioVersion = 17.7.34024.191
MinimumVisualStudioVersion = 10.0.40219.1
Project("{9A19103F-16F7-4668-BE54-9A1E7A4F7556}") = "MomAndChildren.Data", "MomAndChildren.Data\MomAndChildren.Data.csproj", "{54D6EF27-E6C1-4EDB-85B0-6BCC635AA1B9}"
EndProject
Project("{9A19103F-16F7-4668-BE54-9A1E7A4F7556}") = "MomAndChildren.Business", "MomAndChildren.Business\MomAndChildren.Business.csproj", "{B41D6668-9CBB-4511-925D-22369F727F86}"
EndProject
Project("{9A19103F-16F7-4668-BE54-9A1E7A4F7556}") = "MomAndChildren.RazorWebApp", "MomAndChildren.RazorWebApp\MomAndChildren.RazorWebApp.csproj", "{E8867798-3EC6-4FDD-92A8-DF4A30A89114}"
EndProject
Project("{9A19103F-16F7-4668-BE54-9A1E7A4F7556}") = "MomAndChildren.Common", "MomAndChildren.Common\MomAndChildren.Common.csproj", "{1114557E-6901-4BB5-A66C-128B61DD716F}"
EndProject
Global
	GlobalSection(SolutionConfigurationPlatforms) = preSolution
		Debug|Any CPU = Debug|Any CPU
		Release|Any CPU = Release|Any CPU
	EndGlobalSection
	GlobalSection(ProjectConfigurationPlatforms) = postSolution
		{54D6EF27-E6C1-4EDB-85B0-6BCC635AA1B9}.Debug|Any CPU.ActiveCfg = Debug|Any CPU
		{54D6EF27-E6C1-4EDB-85B0-6BCC635AA1B9}.Debug|Any CPU.Build.0 = Debug|Any CPU
		{54D6EF27-E6C1-4EDB-85B0-6BCC635AA1B9}.Release|Any CPU.ActiveCfg = Release|Any CPU
		{54D6EF27-E6C1-4EDB-85B0-6BCC635AA1B9}.Release|Any CPU.Build.0 = Release|Any CPU
		{B41D6668-9CBB-4511-925D-22369F727F86}.Debug|Any CPU.ActiveCfg = Debug|Any CPU
		{B41D6668-9CBB-4511-925D-22369F727F86}.Debug|Any CPU.Build.0 = Debug|Any CPU
		{B41D6668-9CBB-4511-925D-22369F727F86}.Release|Any CPU.ActiveCfg = Release|Any CPU
		{B41D6668-9CBB-4511-925D-22369F727F86}.Release|Any CPU.Build.0 = Release|Any CPU
		{E8867798-3EC6-4FDD-92A8-DF4A30A89114}.Debug|Any CPU.ActiveCfg = Debug|Any CPU
		{E8867798-3EC6-4FDD-92A8-DF4A30A89114}.Debug|Any CPU.Build.0 = Debug|Any CPU
		{E8867798-3EC6-4FDD-92A8-DF4A30A89114}.Release|Any CPU.ActiveCfg = Release|Any CPU
		{E8867798-3EC6-4FDD-92A8-DF4A30A89114}.Release|Any CPU.Build.0 = Release|Any CPU
		{1114557E-6901-4BB5-A66C-128B61DD716F}.Debug|Any CPU.ActiveCfg = Debug|Any CPU
		{1114557E-6901-4BB5-A66C-128B61DD716F}.Debug|Any CPU.Build.0 = Debug|Any CPU
		{1114557E-6901-4BB5-A66C-128B61DD716F}.Release|Any CPU.ActiveCfg = Release|Any CPU
		{1114557E-6901-4BB5-A66C-128B61DD716F}.Release|Any CPU.Build.0 = Release|Any CPU
	EndGlobalSection
	GlobalSection(SolutionProperties) = preSolution
		HideSolutionNode = FALSE
	EndGlobalSection
	GlobalSection(ExtensibilityGlobals) = postSolution
		SolutionGuid = {3C33CAD9-5CDE-444D-BE6F-5421967123D7}
	EndGlobalSection
EndGlobal
